
Microsoft Visual Studio Solution File, Format Version 12.00
# Visual Studio Version 17
VisualStudioVersion = 17.11.35327.3
MinimumVisualStudioVersion = 10.0.40219.1
Project("{FAE04EC0-301F-11D3-BF4B-00C04F79EFBC}") = "OperacionesApp", "OperacionesApp.csproj", "{232E051C-84FD-4492-95BB-47C2DA6CE3BB}"
EndProject
Global
	GlobalSection(SolutionConfigurationPlatforms) = preSolution
		Debug|Any CPU = Debug|Any CPU
		Release|Any CPU = Release|Any CPU
	EndGlobalSection
	GlobalSection(ProjectConfigurationPlatforms) = postSolution
		{232E051C-84FD-4492-95BB-47C2DA6CE3BB}.Debug|Any CPU.ActiveCfg = Debug|Any CPU
		{232E051C-84FD-4492-95BB-47C2DA6CE3BB}.Debug|Any CPU.Build.0 = Debug|Any CPU
		{232E051C-84FD-4492-95BB-47C2DA6CE3BB}.Debug|Any CPU.Deploy.0 = Debug|Any CPU
		{232E051C-84FD-4492-95BB-47C2DA6CE3BB}.Release|Any CPU.ActiveCfg = Release|Any CPU
		{232E051C-84FD-4492-95BB-47C2DA6CE3BB}.Release|Any CPU.Build.0 = Release|Any CPU
		{232E051C-84FD-4492-95BB-47C2DA6CE3BB}.Release|Any CPU.Deploy.0 = Release|Any CPU
	EndGlobalSection
	GlobalSection(SolutionProperties) = preSolution
		HideSolutionNode = FALSE
	EndGlobalSection
	GlobalSection(ExtensibilityGlobals) = postSolution
		SolutionGuid = {62C464DF-5A73-4E54-B392-522BD6D75A7A}
	EndGlobalSection
EndGlobal
